
Microsoft Visual Studio Solution File, Format Version 12.00
# Visual Studio Version 17
VisualStudioVersion = 17.12.35707.178
MinimumVisualStudioVersion = 10.0.40219.1
Project("{2150E333-8FDC-42A3-9474-1A3956D46DE8}") = "Core", "Core", "{B46FEE90-A96C-4551-B390-856AF99E4435}"
EndProject
Project("{FAE04EC0-301F-11D3-BF4B-00C04F79EFBC}") = "GestionHoteles.Domain", "Application.Domain\GestionHoteles.Domain.csproj", "{637BF07D-4DA8-44E2-A9C8-90AC90C01CEF}"
EndProject
Project("{2150E333-8FDC-42A3-9474-1A3956D46DE8}") = "Infraestructure", "Infraestructure", "{D5640663-7B81-4089-805F-A5D2104F0BDD}"
EndProject
Project("{2150E333-8FDC-42A3-9474-1A3956D46DE8}") = "Application", "Application", "{193C4D66-66F6-48F8-B538-3CE349552FC8}"
EndProject
Project("{2150E333-8FDC-42A3-9474-1A3956D46DE8}") = "Web", "Web", "{170CE357-83FE-41A9-8836-874479B65281}"
EndProject
Project("{FAE04EC0-301F-11D3-BF4B-00C04F79EFBC}") = "GestionHoteles.Application", "Application.App\GestionHoteles.Application.csproj", "{A9CE18A7-E486-46B3-8863-7F127A8014EA}"
EndProject
Project("{FAE04EC0-301F-11D3-BF4B-00C04F79EFBC}") = "GestionHoteles.Infraestructure", "Application.Infraestructure\GestionHoteles.Infraestructure.csproj", "{8BAD8DE9-707F-46DD-A8AD-B318F1CAC265}"
EndProject
Project("{FAE04EC0-301F-11D3-BF4B-00C04F79EFBC}") = "GestionHoteles.Web", "Application.Web\GestionHoteles.Web.csproj", "{F5BF5C8E-1A07-46C2-8F1A-CA4B4FEBC92D}"
EndProject
Project("{FAE04EC0-301F-11D3-BF4B-00C04F79EFBC}") = "GestionHoteles.Persistence", "Application.Persistence\GestionHoteles.Persistence.csproj", "{19713D56-817F-4B47-9F66-54FC432258CB}"
EndProject
Project("{2150E333-8FDC-42A3-9474-1A3956D46DE8}") = "Test", "Test", "{8BD05BF2-5E72-4ED1-94C5-059F8CA5874B}"
EndProject
Project("{FAE04EC0-301F-11D3-BF4B-00C04F79EFBC}") = "GestionHoteles.Persistence.Test", "Application.Persistence.Test\GestionHoteles.Persistence.Test.csproj", "{DB7839C8-A9F7-4C7E-9364-93D47406D7CF}"
EndProject
Project("{FAE04EC0-301F-11D3-BF4B-00C04F79EFBC}") = "GestionHoteles.App.Test", "Application.App.Test\GestionHoteles.App.Test.csproj", "{BAB99200-6966-4373-B7B1-5D3094CD27CB}"
EndProject
Project("{2150E333-8FDC-42A3-9474-1A3956D46DE8}") = "Api", "Api", "{D29D881F-B3F6-47D3-B407-7229C2BB9E72}"
EndProject
Project("{FAE04EC0-301F-11D3-BF4B-00C04F79EFBC}") = "GestionHoteles.Api", "Application.Api\GestionHoteles.Api.csproj", "{323DBCA4-B7D3-45A0-B76D-26A39FF3FF53}"
EndProject
Project("{2150E333-8FDC-42A3-9474-1A3956D46DE8}") = "IOC", "IOC", "{0FADAD54-B2E9-458B-805D-DCE61D8049B4}"
EndProject
Project("{FAE04EC0-301F-11D3-BF4B-00C04F79EFBC}") = "GestionHoteles.IOC", "Application.IOC\GestionHoteles.IOC.csproj", "{C4A80ACB-99D1-44A3-9089-80117B40F44D}"
EndProject
Global
	GlobalSection(SolutionConfigurationPlatforms) = preSolution
		Debug|Any CPU = Debug|Any CPU
		Release|Any CPU = Release|Any CPU
	EndGlobalSection
	GlobalSection(ProjectConfigurationPlatforms) = postSolution
		{637BF07D-4DA8-44E2-A9C8-90AC90C01CEF}.Debug|Any CPU.ActiveCfg = Debug|Any CPU
		{637BF07D-4DA8-44E2-A9C8-90AC90C01CEF}.Debug|Any CPU.Build.0 = Debug|Any CPU
		{637BF07D-4DA8-44E2-A9C8-90AC90C01CEF}.Release|Any CPU.ActiveCfg = Release|Any CPU
		{637BF07D-4DA8-44E2-A9C8-90AC90C01CEF}.Release|Any CPU.Build.0 = Release|Any CPU
		{A9CE18A7-E486-46B3-8863-7F127A8014EA}.Debug|Any CPU.ActiveCfg = Debug|Any CPU
		{A9CE18A7-E486-46B3-8863-7F127A8014EA}.Debug|Any CPU.Build.0 = Debug|Any CPU
		{A9CE18A7-E486-46B3-8863-7F127A8014EA}.Release|Any CPU.ActiveCfg = Release|Any CPU
		{A9CE18A7-E486-46B3-8863-7F127A8014EA}.Release|Any CPU.Build.0 = Release|Any CPU
		{8BAD8DE9-707F-46DD-A8AD-B318F1CAC265}.Debug|Any CPU.ActiveCfg = Debug|Any CPU
		{8BAD8DE9-707F-46DD-A8AD-B318F1CAC265}.Debug|Any CPU.Build.0 = Debug|Any CPU
		{8BAD8DE9-707F-46DD-A8AD-B318F1CAC265}.Release|Any CPU.ActiveCfg = Release|Any CPU
		{8BAD8DE9-707F-46DD-A8AD-B318F1CAC265}.Release|Any CPU.Build.0 = Release|Any CPU
		{F5BF5C8E-1A07-46C2-8F1A-CA4B4FEBC92D}.Debug|Any CPU.ActiveCfg = Debug|Any CPU
		{F5BF5C8E-1A07-46C2-8F1A-CA4B4FEBC92D}.Debug|Any CPU.Build.0 = Debug|Any CPU
		{F5BF5C8E-1A07-46C2-8F1A-CA4B4FEBC92D}.Release|Any CPU.ActiveCfg = Release|Any CPU
		{F5BF5C8E-1A07-46C2-8F1A-CA4B4FEBC92D}.Release|Any CPU.Build.0 = Release|Any CPU
		{19713D56-817F-4B47-9F66-54FC432258CB}.Debug|Any CPU.ActiveCfg = Debug|Any CPU
		{19713D56-817F-4B47-9F66-54FC432258CB}.Debug|Any CPU.Build.0 = Debug|Any CPU
		{19713D56-817F-4B47-9F66-54FC432258CB}.Release|Any CPU.ActiveCfg = Release|Any CPU
		{19713D56-817F-4B47-9F66-54FC432258CB}.Release|Any CPU.Build.0 = Release|Any CPU
		{DB7839C8-A9F7-4C7E-9364-93D47406D7CF}.Debug|Any CPU.ActiveCfg = Debug|Any CPU
		{DB7839C8-A9F7-4C7E-9364-93D47406D7CF}.Debug|Any CPU.Build.0 = Debug|Any CPU
		{DB7839C8-A9F7-4C7E-9364-93D47406D7CF}.Release|Any CPU.ActiveCfg = Release|Any CPU
		{DB7839C8-A9F7-4C7E-9364-93D47406D7CF}.Release|Any CPU.Build.0 = Release|Any CPU
		{BAB99200-6966-4373-B7B1-5D3094CD27CB}.Debug|Any CPU.ActiveCfg = Debug|Any CPU
		{BAB99200-6966-4373-B7B1-5D3094CD27CB}.Debug|Any CPU.Build.0 = Debug|Any CPU
		{BAB99200-6966-4373-B7B1-5D3094CD27CB}.Release|Any CPU.ActiveCfg = Release|Any CPU
		{BAB99200-6966-4373-B7B1-5D3094CD27CB}.Release|Any CPU.Build.0 = Release|Any CPU
		{323DBCA4-B7D3-45A0-B76D-26A39FF3FF53}.Debug|Any CPU.ActiveCfg = Debug|Any CPU
		{323DBCA4-B7D3-45A0-B76D-26A39FF3FF53}.Debug|Any CPU.Build.0 = Debug|Any CPU
		{323DBCA4-B7D3-45A0-B76D-26A39FF3FF53}.Release|Any CPU.ActiveCfg = Release|Any CPU
		{323DBCA4-B7D3-45A0-B76D-26A39FF3FF53}.Release|Any CPU.Build.0 = Release|Any CPU
		{C4A80ACB-99D1-44A3-9089-80117B40F44D}.Debug|Any CPU.ActiveCfg = Debug|Any CPU
		{C4A80ACB-99D1-44A3-9089-80117B40F44D}.Debug|Any CPU.Build.0 = Debug|Any CPU
		{C4A80ACB-99D1-44A3-9089-80117B40F44D}.Release|Any CPU.ActiveCfg = Release|Any CPU
		{C4A80ACB-99D1-44A3-9089-80117B40F44D}.Release|Any CPU.Build.0 = Release|Any CPU
	EndGlobalSection
	GlobalSection(SolutionProperties) = preSolution
		HideSolutionNode = FALSE
	EndGlobalSection
	GlobalSection(NestedProjects) = preSolution
		{637BF07D-4DA8-44E2-A9C8-90AC90C01CEF} = {B46FEE90-A96C-4551-B390-856AF99E4435}
		{A9CE18A7-E486-46B3-8863-7F127A8014EA} = {193C4D66-66F6-48F8-B538-3CE349552FC8}
		{8BAD8DE9-707F-46DD-A8AD-B318F1CAC265} = {D5640663-7B81-4089-805F-A5D2104F0BDD}
		{F5BF5C8E-1A07-46C2-8F1A-CA4B4FEBC92D} = {170CE357-83FE-41A9-8836-874479B65281}
		{19713D56-817F-4B47-9F66-54FC432258CB} = {D5640663-7B81-4089-805F-A5D2104F0BDD}
		{DB7839C8-A9F7-4C7E-9364-93D47406D7CF} = {8BD05BF2-5E72-4ED1-94C5-059F8CA5874B}
		{BAB99200-6966-4373-B7B1-5D3094CD27CB} = {8BD05BF2-5E72-4ED1-94C5-059F8CA5874B}
		{323DBCA4-B7D3-45A0-B76D-26A39FF3FF53} = {D29D881F-B3F6-47D3-B407-7229C2BB9E72}
		{C4A80ACB-99D1-44A3-9089-80117B40F44D} = {0FADAD54-B2E9-458B-805D-DCE61D8049B4}
	EndGlobalSection
EndGlobal
